
Microsoft Visual Studio Solution File, Format Version 12.00
# Visual Studio Version 17
VisualStudioVersion = 17.0.31903.59
MinimumVisualStudioVersion = 10.0.40219.1
Project("{FAE04EC0-301F-11D3-BF4B-00C04F79EFBC}") = "SpilSalesOrder.API", "SpilSalesOrder.API\SpilSalesOrder.API.csproj", "{B389DAC7-D0BD-4E55-A18D-9BED3D97E1BE}"
EndProject
Project("{FAE04EC0-301F-11D3-BF4B-00C04F79EFBC}") = "SpilSalesOrder.Application", "SpilSalesOrder.Application\SpilSalesOrder.Application.csproj", "{81BCDA9B-CE64-4C65-9005-6A00B0C2C706}"
EndProject
Project("{FAE04EC0-301F-11D3-BF4B-00C04F79EFBC}") = "SpilSalesOrder.Domain", "SpilSalesOrder.Domain\SpilSalesOrder.Domain.csproj", "{8F7771A9-E825-4239-881B-2019CC3A5296}"
EndProject
Project("{FAE04EC0-301F-11D3-BF4B-00C04F79EFBC}") = "SpilSalesOrder.Infrastructure", "SpilSalesOrder.Infrastructure\SpilSalesOrder.Infrastructure.csproj", "{21CDBEFB-33F8-4753-84AD-668A0AF179DE}"
EndProject
Global
	GlobalSection(SolutionConfigurationPlatforms) = preSolution
		Debug|Any CPU = Debug|Any CPU
		Debug|x64 = Debug|x64
		Debug|x86 = Debug|x86
		Release|Any CPU = Release|Any CPU
		Release|x64 = Release|x64
		Release|x86 = Release|x86
	EndGlobalSection
	GlobalSection(ProjectConfigurationPlatforms) = postSolution
		{B389DAC7-D0BD-4E55-A18D-9BED3D97E1BE}.Debug|Any CPU.ActiveCfg = Debug|Any CPU
		{B389DAC7-D0BD-4E55-A18D-9BED3D97E1BE}.Debug|Any CPU.Build.0 = Debug|Any CPU
		{B389DAC7-D0BD-4E55-A18D-9BED3D97E1BE}.Debug|x64.ActiveCfg = Debug|Any CPU
		{B389DAC7-D0BD-4E55-A18D-9BED3D97E1BE}.Debug|x64.Build.0 = Debug|Any CPU
		{B389DAC7-D0BD-4E55-A18D-9BED3D97E1BE}.Debug|x86.ActiveCfg = Debug|Any CPU
		{B389DAC7-D0BD-4E55-A18D-9BED3D97E1BE}.Debug|x86.Build.0 = Debug|Any CPU
		{B389DAC7-D0BD-4E55-A18D-9BED3D97E1BE}.Release|Any CPU.ActiveCfg = Release|Any CPU
		{B389DAC7-D0BD-4E55-A18D-9BED3D97E1BE}.Release|Any CPU.Build.0 = Release|Any CPU
		{B389DAC7-D0BD-4E55-A18D-9BED3D97E1BE}.Release|x64.ActiveCfg = Release|Any CPU
		{B389DAC7-D0BD-4E55-A18D-9BED3D97E1BE}.Release|x64.Build.0 = Release|Any CPU
		{B389DAC7-D0BD-4E55-A18D-9BED3D97E1BE}.Release|x86.ActiveCfg = Release|Any CPU
		{B389DAC7-D0BD-4E55-A18D-9BED3D97E1BE}.Release|x86.Build.0 = Release|Any CPU
		{81BCDA9B-CE64-4C65-9005-6A00B0C2C706}.Debug|Any CPU.ActiveCfg = Debug|Any CPU
		{81BCDA9B-CE64-4C65-9005-6A00B0C2C706}.Debug|Any CPU.Build.0 = Debug|Any CPU
		{81BCDA9B-CE64-4C65-9005-6A00B0C2C706}.Debug|x64.ActiveCfg = Debug|Any CPU
		{81BCDA9B-CE64-4C65-9005-6A00B0C2C706}.Debug|x64.Build.0 = Debug|Any CPU
		{81BCDA9B-CE64-4C65-9005-6A00B0C2C706}.Debug|x86.ActiveCfg = Debug|Any CPU
		{81BCDA9B-CE64-4C65-9005-6A00B0C2C706}.Debug|x86.Build.0 = Debug|Any CPU
		{81BCDA9B-CE64-4C65-9005-6A00B0C2C706}.Release|Any CPU.ActiveCfg = Release|Any CPU
		{81BCDA9B-CE64-4C65-9005-6A00B0C2C706}.Release|Any CPU.Build.0 = Release|Any CPU
		{81BCDA9B-CE64-4C65-9005-6A00B0C2C706}.Release|x64.ActiveCfg = Release|Any CPU
		{81BCDA9B-CE64-4C65-9005-6A00B0C2C706}.Release|x64.Build.0 = Release|Any CPU
		{81BCDA9B-CE64-4C65-9005-6A00B0C2C706}.Release|x86.ActiveCfg = Release|Any CPU
		{81BCDA9B-CE64-4C65-9005-6A00B0C2C706}.Release|x86.Build.0 = Release|Any CPU
		{8F7771A9-E825-4239-881B-2019CC3A5296}.Debug|Any CPU.ActiveCfg = Debug|Any CPU
		{8F7771A9-E825-4239-881B-2019CC3A5296}.Debug|Any CPU.Build.0 = Debug|Any CPU
		{8F7771A9-E825-4239-881B-2019CC3A5296}.Debug|x64.ActiveCfg = Debug|Any CPU
		{8F7771A9-E825-4239-881B-2019CC3A5296}.Debug|x64.Build.0 = Debug|Any CPU
		{8F7771A9-E825-4239-881B-2019CC3A5296}.Debug|x86.ActiveCfg = Debug|Any CPU
		{8F7771A9-E825-4239-881B-2019CC3A5296}.Debug|x86.Build.0 = Debug|Any CPU
		{8F7771A9-E825-4239-881B-2019CC3A5296}.Release|Any CPU.ActiveCfg = Release|Any CPU
		{8F7771A9-E825-4239-881B-2019CC3A5296}.Release|Any CPU.Build.0 = Release|Any CPU
		{8F7771A9-E825-4239-881B-2019CC3A5296}.Release|x64.ActiveCfg = Release|Any CPU
		{8F7771A9-E825-4239-881B-2019CC3A5296}.Release|x64.Build.0 = Release|Any CPU
		{8F7771A9-E825-4239-881B-2019CC3A5296}.Release|x86.ActiveCfg = Release|Any CPU
		{8F7771A9-E825-4239-881B-2019CC3A5296}.Release|x86.Build.0 = Release|Any CPU
		{21CDBEFB-33F8-4753-84AD-668A0AF179DE}.Debug|Any CPU.ActiveCfg = Debug|Any CPU
		{21CDBEFB-33F8-4753-84AD-668A0AF179DE}.Debug|Any CPU.Build.0 = Debug|Any CPU
		{21CDBEFB-33F8-4753-84AD-668A0AF179DE}.Debug|x64.ActiveCfg = Debug|Any CPU
		{21CDBEFB-33F8-4753-84AD-668A0AF179DE}.Debug|x64.Build.0 = Debug|Any CPU
		{21CDBEFB-33F8-4753-84AD-668A0AF179DE}.Debug|x86.ActiveCfg = Debug|Any CPU
		{21CDBEFB-33F8-4753-84AD-668A0AF179DE}.Debug|x86.Build.0 = Debug|Any CPU
		{21CDBEFB-33F8-4753-84AD-668A0AF179DE}.Release|Any CPU.ActiveCfg = Release|Any CPU
		{21CDBEFB-33F8-4753-84AD-668A0AF179DE}.Release|Any CPU.Build.0 = Release|Any CPU
		{21CDBEFB-33F8-4753-84AD-668A0AF179DE}.Release|x64.ActiveCfg = Release|Any CPU
		{21CDBEFB-33F8-4753-84AD-668A0AF179DE}.Release|x64.Build.0 = Release|Any CPU
		{21CDBEFB-33F8-4753-84AD-668A0AF179DE}.Release|x86.ActiveCfg = Release|Any CPU
		{21CDBEFB-33F8-4753-84AD-668A0AF179DE}.Release|x86.Build.0 = Release|Any CPU
	EndGlobalSection
	GlobalSection(SolutionProperties) = preSolution
		HideSolutionNode = FALSE
	EndGlobalSection
EndGlobal
